// !$*UTF8*$!
{
	archiveVersion = 1;
	classes = {
	};
	objectVersion = 46;
	objects = {

/* Begin PBXBuildFile section */
		C4796BF41CA16A9C0024AD8B /* main.m in Sources */ = {isa = PBXBuildFile; fileRef = C4796BF31CA16A9C0024AD8B /* main.m */; };
		C4796BF71CA16A9C0024AD8B /* AppDelegate.m in Sources */ = {isa = PBXBuildFile; fileRef = C4796BF61CA16A9C0024AD8B /* AppDelegate.m */; };
		C4796BFA1CA16A9C0024AD8B /* ViewController.m in Sources */ = {isa = PBXBuildFile; fileRef = C4796BF91CA16A9C0024AD8B /* ViewController.m */; };
		C4796BFD1CA16A9C0024AD8B /* Main.storyboard in Resources */ = {isa = PBXBuildFile; fileRef = C4796BFB1CA16A9C0024AD8B /* Main.storyboard */; };
		C4796BFF1CA16A9C0024AD8B /* Assets.xcassets in Resources */ = {isa = PBXBuildFile; fileRef = C4796BFE1CA16A9C0024AD8B /* Assets.xcassets */; };
		C4796C021CA16A9C0024AD8B /* LaunchScreen.storyboard in Resources */ = {isa = PBXBuildFile; fileRef = C4796C001CA16A9C0024AD8B /* LaunchScreen.storyboard */; };
		C4796C0D1CA16A9C0024AD8B /* QuickHospitalTests.m in Sources */ = {isa = PBXBuildFile; fileRef = C4796C0C1CA16A9C0024AD8B /* QuickHospitalTests.m */; };
		C4796C181CA16A9C0024AD8B /* QuickHospitalUITests.m in Sources */ = {isa = PBXBuildFile; fileRef = C4796C171CA16A9C0024AD8B /* QuickHospitalUITests.m */; };
/* End PBXBuildFile section */

/* Begin PBXContainerItemProxy section */
		C4796C091CA16A9C0024AD8B /* PBXContainerItemProxy */ = {
			isa = PBXContainerItemProxy;
			containerPortal = C4796BE71CA16A9C0024AD8B /* Project object */;
			proxyType = 1;
			remoteGlobalIDString = C4796BEE1CA16A9C0024AD8B;
			remoteInfo = QuickHospital;
		};
		C4796C141CA16A9C0024AD8B /* PBXContainerItemProxy */ = {
			isa = PBXContainerItemProxy;
			containerPortal = C4796BE71CA16A9C0024AD8B /* Project object */;
			proxyType = 1;
			remoteGlobalIDString = C4796BEE1CA16A9C0024AD8B;
			remoteInfo = QuickHospital;
		};
/* End PBXContainerItemProxy section */

/* Begin PBXFileReference section */
		C4796BEF1CA16A9C0024AD8B /* QuickHospital.app */ = {isa = PBXFileReference; explicitFileType = wrapper.application; includeInIndex = 0; path = QuickHospital.app; sourceTree = BUILT_PRODUCTS_DIR; };
		C4796BF31CA16A9C0024AD8B /* main.m */ = {isa = PBXFileReference; lastKnownFileType = sourcecode.c.objc; path = main.m; sourceTree = "<group>"; };
		C4796BF51CA16A9C0024AD8B /* AppDelegate.h */ = {isa = PBXFileReference; lastKnownFileType = sourcecode.c.h; path = AppDelegate.h; sourceTree = "<group>"; };
		C4796BF61CA16A9C0024AD8B /* AppDelegate.m */ = {isa = PBXFileReference; lastKnownFileType = sourcecode.c.objc; path = AppDelegate.m; sourceTree = "<group>"; };
		C4796BF81CA16A9C0024AD8B /* ViewController.h */ = {isa = PBXFileReference; lastKnownFileType = sourcecode.c.h; path = ViewController.h; sourceTree = "<group>"; };
		C4796BF91CA16A9C0024AD8B /* ViewController.m */ = {isa = PBXFileReference; lastKnownFileType = sourcecode.c.objc; path = ViewController.m; sourceTree = "<group>"; };
		C4796BFC1CA16A9C0024AD8B /* Base */ = {isa = PBXFileReference; lastKnownFileType = file.storyboard; name = Base; path = Base.lproj/Main.storyboard; sourceTree = "<group>"; };
		C4796BFE1CA16A9C0024AD8B /* Assets.xcassets */ = {isa = PBXFileReference; lastKnownFileType = folder.assetcatalog; path = Assets.xcassets; sourceTree = "<group>"; };
		C4796C011CA16A9C0024AD8B /* Base */ = {isa = PBXFileReference; lastKnownFileType = file.storyboard; name = Base; path = Base.lproj/LaunchScreen.storyboard; sourceTree = "<group>"; };
		C4796C031CA16A9C0024AD8B /* Info.plist */ = {isa = PBXFileReference; lastKnownFileType = text.plist.xml; path = Info.plist; sourceTree = "<group>"; };
		C4796C081CA16A9C0024AD8B /* QuickHospitalTests.xctest */ = {isa = PBXFileReference; explicitFileType = wrapper.cfbundle; includeInIndex = 0; path = QuickHospitalTests.xctest; sourceTree = BUILT_PRODUCTS_DIR; };
		C4796C0C1CA16A9C0024AD8B /* QuickHospitalTests.m */ = {isa = PBXFileReference; lastKnownFileType = sourcecode.c.objc; path = QuickHospitalTests.m; sourceTree = "<group>"; };
		C4796C0E1CA16A9C0024AD8B /* Info.plist */ = {isa = PBXFileReference; lastKnownFileType = text.plist.xml; path = Info.plist; sourceTree = "<group>"; };
		C4796C131CA16A9C0024AD8B /* QuickHospitalUITests.xctest */ = {isa = PBXFileReference; explicitFileType = wrapper.cfbundle; includeInIndex = 0; path = QuickHospitalUITests.xctest; sourceTree = BUILT_PRODUCTS_DIR; };
		C4796C171CA16A9C0024AD8B /* QuickHospitalUITests.m */ = {isa = PBXFileReference; lastKnownFileType = sourcecode.c.objc; path = QuickHospitalUITests.m; sourceTree = "<group>"; };
		C4796C191CA16A9C0024AD8B /* Info.plist */ = {isa = PBXFileReference; lastKnownFileType = text.plist.xml; path = Info.plist; sourceTree = "<group>"; };
/* End PBXFileReference section */

/* Begin PBXFrameworksBuildPhase section */
		C4796BEC1CA16A9C0024AD8B /* Frameworks */ = {
			isa = PBXFrameworksBuildPhase;
			buildActionMask = 2147483647;
			files = (
			);
			runOnlyForDeploymentPostprocessing = 0;
		};
		C4796C051CA16A9C0024AD8B /* Frameworks */ = {
			isa = PBXFrameworksBuildPhase;
			buildActionMask = 2147483647;
			files = (
			);
			runOnlyForDeploymentPostprocessing = 0;
		};
		C4796C101CA16A9C0024AD8B /* Frameworks */ = {
			isa = PBXFrameworksBuildPhase;
			buildActionMask = 2147483647;
			files = (
			);
			runOnlyForDeploymentPostprocessing = 0;
		};
/* End PBXFrameworksBuildPhase section */

/* Begin PBXGroup section */
		C4796BE61CA16A9C0024AD8B = {
			isa = PBXGroup;
			children = (
				C4796BF11CA16A9C0024AD8B /* QuickHospital */,
				C4796C0B1CA16A9C0024AD8B /* QuickHospitalTests */,
				C4796C161CA16A9C0024AD8B /* QuickHospitalUITests */,
				C4796BF01CA16A9C0024AD8B /* Products */,
			);
			sourceTree = "<group>";
		};
		C4796BF01CA16A9C0024AD8B /* Products */ = {
			isa = PBXGroup;
			children = (
				C4796BEF1CA16A9C0024AD8B /* QuickHospital.app */,
				C4796C081CA16A9C0024AD8B /* QuickHospitalTests.xctest */,
				C4796C131CA16A9C0024AD8B /* QuickHospitalUITests.xctest */,
			);
			name = Products;
			sourceTree = "<group>";
		};
		C4796BF11CA16A9C0024AD8B /* QuickHospital */ = {
			isa = PBXGroup;
			children = (
				C4796BF51CA16A9C0024AD8B /* AppDelegate.h */,
				C4796BF61CA16A9C0024AD8B /* AppDelegate.m */,
				C4796BF81CA16A9C0024AD8B /* ViewController.h */,
				C4796BF91CA16A9C0024AD8B /* ViewController.m */,
				C4796BFB1CA16A9C0024AD8B /* Main.storyboard */,
				C4796BFE1CA16A9C0024AD8B /* Assets.xcassets */,
				C4796C001CA16A9C0024AD8B /* LaunchScreen.storyboard */,
				C4796C031CA16A9C0024AD8B /* Info.plist */,
				C4796BF21CA16A9C0024AD8B /* Supporting Files */,
			);
			path = QuickHospital;
			sourceTree = "<group>";
		};
		C4796BF21CA16A9C0024AD8B /* Supporting Files */ = {
			isa = PBXGroup;
			children = (
				C4796BF31CA16A9C0024AD8B /* main.m */,
			);
			name = "Supporting Files";
			sourceTree = "<group>";
		};
		C4796C0B1CA16A9C0024AD8B /* QuickHospitalTests */ = {
			isa = PBXGroup;
			children = (
				C4796C0C1CA16A9C0024AD8B /* QuickHospitalTests.m */,
				C4796C0E1CA16A9C0024AD8B /* Info.plist */,
			);
			path = QuickHospitalTests;
			sourceTree = "<group>";
		};
		C4796C161CA16A9C0024AD8B /* QuickHospitalUITests */ = {
			isa = PBXGroup;
			children = (
				C4796C171CA16A9C0024AD8B /* QuickHospitalUITests.m */,
				C4796C191CA16A9C0024AD8B /* Info.plist */,
			);
			path = QuickHospitalUITests;
			sourceTree = "<group>";
		};
/* End PBXGroup section */

/* Begin PBXNativeTarget section */
		C4796BEE1CA16A9C0024AD8B /* QuickHospital */ = {
			isa = PBXNativeTarget;
			buildConfigurationList = C4796C1C1CA16A9C0024AD8B /* Build configuration list for PBXNativeTarget "QuickHospital" */;
			buildPhases = (
				C4796BEB1CA16A9C0024AD8B /* Sources */,
				C4796BEC1CA16A9C0024AD8B /* Frameworks */,
				C4796BED1CA16A9C0024AD8B /* Resources */,
			);
			buildRules = (
			);
			dependencies = (
			);
			name = QuickHospital;
			productName = QuickHospital;
			productReference = C4796BEF1CA16A9C0024AD8B /* QuickHospital.app */;
			productType = "com.apple.product-type.application";
		};
		C4796C071CA16A9C0024AD8B /* QuickHospitalTests */ = {
			isa = PBXNativeTarget;
			buildConfigurationList = C4796C1F1CA16A9C0024AD8B /* Build configuration list for PBXNativeTarget "QuickHospitalTests" */;
			buildPhases = (
				C4796C041CA16A9C0024AD8B /* Sources */,
				C4796C051CA16A9C0024AD8B /* Frameworks */,
				C4796C061CA16A9C0024AD8B /* Resources */,
			);
			buildRules = (
			);
			dependencies = (
				C4796C0A1CA16A9C0024AD8B /* PBXTargetDependency */,
			);
			name = QuickHospitalTests;
			productName = QuickHospitalTests;
			productReference = C4796C081CA16A9C0024AD8B /* QuickHospitalTests.xctest */;
			productType = "com.apple.product-type.bundle.unit-test";
		};
		C4796C121CA16A9C0024AD8B /* QuickHospitalUITests */ = {
			isa = PBXNativeTarget;
			buildConfigurationList = C4796C221CA16A9C0024AD8B /* Build configuration list for PBXNativeTarget "QuickHospitalUITests" */;
			buildPhases = (
				C4796C0F1CA16A9C0024AD8B /* Sources */,
				C4796C101CA16A9C0024AD8B /* Frameworks */,
				C4796C111CA16A9C0024AD8B /* Resources */,
			);
			buildRules = (
			);
			dependencies = (
				C4796C151CA16A9C0024AD8B /* PBXTargetDependency */,
			);
			name = QuickHospitalUITests;
			productName = QuickHospitalUITests;
			productReference = C4796C131CA16A9C0024AD8B /* QuickHospitalUITests.xctest */;
			productType = "com.apple.product-type.bundle.ui-testing";
		};
/* End PBXNativeTarget section */

/* Begin PBXProject section */
		C4796BE71CA16A9C0024AD8B /* Project object */ = {
			isa = PBXProject;
			attributes = {
				LastUpgradeCheck = 0720;
				ORGANIZATIONNAME = zmx;
				TargetAttributes = {
					C4796BEE1CA16A9C0024AD8B = {
						CreatedOnToolsVersion = 7.2;
						DevelopmentTeam = 2A4XB7323R;
					};
					C4796C071CA16A9C0024AD8B = {
						CreatedOnToolsVersion = 7.2;
						DevelopmentTeam = 2A4XB7323R;
						TestTargetID = C4796BEE1CA16A9C0024AD8B;
					};
					C4796C121CA16A9C0024AD8B = {
						CreatedOnToolsVersion = 7.2;
						DevelopmentTeam = 2A4XB7323R;
						TestTargetID = C4796BEE1CA16A9C0024AD8B;
					};
				};
			};
			buildConfigurationList = C4796BEA1CA16A9C0024AD8B /* Build configuration list for PBXProject "QuickHospital" */;
			compatibilityVersion = "Xcode 3.2";
			developmentRegion = English;
			hasScannedForEncodings = 0;
			knownRegions = (
				en,
				Base,
			);
			mainGroup = C4796BE61CA16A9C0024AD8B;
			productRefGroup = C4796BF01CA16A9C0024AD8B /* Products */;
			projectDirPath = "";
			projectRoot = "";
			targets = (
				C4796BEE1CA16A9C0024AD8B /* QuickHospital */,
				C4796C071CA16A9C0024AD8B /* QuickHospitalTests */,
				C4796C121CA16A9C0024AD8B /* QuickHospitalUITests */,
			);
		};
/* End PBXProject section */

/* Begin PBXResourcesBuildPhase section */
		C4796BED1CA16A9C0024AD8B /* Resources */ = {
			isa = PBXResourcesBuildPhase;
			buildActionMask = 2147483647;
			files = (
				C4796C021CA16A9C0024AD8B /* LaunchScreen.storyboard in Resources */,
				C4796BFF1CA16A9C0024AD8B /* Assets.xcassets in Resources */,
				C4796BFD1CA16A9C0024AD8B /* Main.storyboard in Resources */,
			);
			runOnlyForDeploymentPostprocessing = 0;
		};
		C4796C061CA16A9C0024AD8B /* Resources */ = {
			isa = PBXResourcesBuildPhase;
			buildActionMask = 2147483647;
			files = (
			);
			runOnlyForDeploymentPostprocessing = 0;
		};
		C4796C111CA16A9C0024AD8B /* Resources */ = {
			isa = PBXResourcesBuildPhase;
			buildActionMask = 2147483647;
			files = (
			);
			runOnlyForDeploymentPostprocessing = 0;
		};
/* End PBXResourcesBuildPhase section */

/* Begin PBXSourcesBuildPhase section */
		C4796BEB1CA16A9C0024AD8B /* Sources */ = {
			isa = PBXSourcesBuildPhase;
			buildActionMask = 2147483647;
			files = (
				C4796BFA1CA16A9C0024AD8B /* ViewController.m in Sources */,
				C4796BF71CA16A9C0024AD8B /* AppDelegate.m in Sources */,
				C4796BF41CA16A9C0024AD8B /* main.m in Sources */,
			);
			runOnlyForDeploymentPostprocessing = 0;
		};
		C4796C041CA16A9C0024AD8B /* Sources */ = {
			isa = PBXSourcesBuildPhase;
			buildActionMask = 2147483647;
			files = (
				C4796C0D1CA16A9C0024AD8B /* QuickHospitalTests.m in Sources */,
			);
			runOnlyForDeploymentPostprocessing = 0;
		};
		C4796C0F1CA16A9C0024AD8B /* Sources */ = {
			isa = PBXSourcesBuildPhase;
			buildActionMask = 2147483647;
			files = (
				C4796C181CA16A9C0024AD8B /* QuickHospitalUITests.m in Sources */,
			);
			runOnlyForDeploymentPostprocessing = 0;
		};
/* End PBXSourcesBuildPhase section */

/* Begin PBXTargetDependency section */
		C4796C0A1CA16A9C0024AD8B /* PBXTargetDependency */ = {
			isa = PBXTargetDependency;
			target = C4796BEE1CA16A9C0024AD8B /* QuickHospital */;
			targetProxy = C4796C091CA16A9C0024AD8B /* PBXContainerItemProxy */;
		};
		C4796C151CA16A9C0024AD8B /* PBXTargetDependency */ = {
			isa = PBXTargetDependency;
			target = C4796BEE1CA16A9C0024AD8B /* QuickHospital */;
			targetProxy = C4796C141CA16A9C0024AD8B /* PBXContainerItemProxy */;
		};
/* End PBXTargetDependency section */

/* Begin PBXVariantGroup section */
		C4796BFB1CA16A9C0024AD8B /* Main.storyboard */ = {
			isa = PBXVariantGroup;
			children = (
				C4796BFC1CA16A9C0024AD8B /* Base */,
			);
			name = Main.storyboard;
			sourceTree = "<group>";
		};
		C4796C001CA16A9C0024AD8B /* LaunchScreen.storyboard */ = {
			isa = PBXVariantGroup;
			children = (
				C4796C011CA16A9C0024AD8B /* Base */,
			);
			name = LaunchScreen.storyboard;
			sourceTree = "<group>";
		};
/* End PBXVariantGroup section */

/* Begin XCBuildConfiguration section */
		C4796C1A1CA16A9C0024AD8B /* Debug */ = {
			isa = XCBuildConfiguration;
			buildSettings = {
				ALWAYS_SEARCH_USER_PATHS = NO;
				CLANG_CXX_LANGUAGE_STANDARD = "gnu++0x";
				CLANG_CXX_LIBRARY = "libc++";
				CLANG_ENABLE_MODULES = YES;
				CLANG_ENABLE_OBJC_ARC = YES;
				CLANG_WARN_BOOL_CONVERSION = YES;
				CLANG_WARN_CONSTANT_CONVERSION = YES;
				CLANG_WARN_DIRECT_OBJC_ISA_USAGE = YES_ERROR;
				CLANG_WARN_EMPTY_BODY = YES;
				CLANG_WARN_ENUM_CONVERSION = YES;
				CLANG_WARN_INT_CONVERSION = YES;
				CLANG_WARN_OBJC_ROOT_CLASS = YES_ERROR;
				CLANG_WARN_UNREACHABLE_CODE = YES;
				CLANG_WARN__DUPLICATE_METHOD_MATCH = YES;
				"CODE_SIGN_IDENTITY[sdk=iphoneos*]" = "iPhone Developer";
				COPY_PHASE_STRIP = NO;
				DEBUG_INFORMATION_FORMAT = dwarf;
				ENABLE_STRICT_OBJC_MSGSEND = YES;
				ENABLE_TESTABILITY = YES;
				GCC_C_LANGUAGE_STANDARD = gnu99;
				GCC_DYNAMIC_NO_PIC = NO;
				GCC_NO_COMMON_BLOCKS = YES;
				GCC_OPTIMIZATION_LEVEL = 0;
				GCC_PREPROCESSOR_DEFINITIONS = (
					"DEBUG=1",
					"$(inherited)",
				);
				GCC_WARN_64_TO_32_BIT_CONVERSION = YES;
				GCC_WARN_ABOUT_RETURN_TYPE = YES_ERROR;
				GCC_WARN_UNDECLARED_SELECTOR = YES;
				GCC_WARN_UNINITIALIZED_AUTOS = YES_AGGRESSIVE;
				GCC_WARN_UNUSED_FUNCTION = YES;
				GCC_WARN_UNUSED_VARIABLE = YES;
				IPHONEOS_DEPLOYMENT_TARGET = 9.2;
				MTL_ENABLE_DEBUG_INFO = YES;
				ONLY_ACTIVE_ARCH = YES;
				SDKROOT = iphoneos;
				TARGETED_DEVICE_FAMILY = "1,2";
			};
			name = Debug;
		};
		C4796C1B1CA16A9C0024AD8B /* Release */ = {
			isa = XCBuildConfiguration;
			buildSettings = {
				ALWAYS_SEARCH_USER_PATHS = NO;
				CLANG_CXX_LANGUAGE_STANDARD = "gnu++0x";
				CLANG_CXX_LIBRARY = "libc++";
				CLANG_ENABLE_MODULES = YES;
				CLANG_ENABLE_OBJC_ARC = YES;
				CLANG_WARN_BOOL_CONVERSION = YES;
				CLANG_WARN_CONSTANT_CONVERSION = YES;
				CLANG_WARN_DIRECT_OBJC_ISA_USAGE = YES_ERROR;
				CLANG_WARN_EMPTY_BODY = YES;
				CLANG_WARN_ENUM_CONVERSION = YES;
				CLANG_WARN_INT_CONVERSION = YES;
				CLANG_WARN_OBJC_ROOT_CLASS = YES_ERROR;
				CLANG_WARN_UNREACHABLE_CODE = YES;
				CLANG_WARN__DUPLICATE_METHOD_MATCH = YES;
				"CODE_SIGN_IDENTITY[sdk=iphoneos*]" = "iPhone Developer";
				COPY_PHASE_STRIP = NO;
				DEBUG_INFORMATION_FORMAT = "dwarf-with-dsym";
				ENABLE_NS_ASSERTIONS = NO;
				ENABLE_STRICT_OBJC_MSGSEND = YES;
				GCC_C_LANGUAGE_STANDARD = gnu99;
				GCC_NO_COMMON_BLOCKS = YES;
				GCC_WARN_64_TO_32_BIT_CONVERSION = YES;
				GCC_WARN_ABOUT_RETURN_TYPE = YES_ERROR;
				GCC_WARN_UNDECLARED_SELECTOR = YES;
				GCC_WARN_UNINITIALIZED_AUTOS = YES_AGGRESSIVE;
				GCC_WARN_UNUSED_FUNCTION = YES;
				GCC_WARN_UNUSED_VARIABLE = YES;
				IPHONEOS_DEPLOYMENT_TARGET = 9.2;
				MTL_ENABLE_DEBUG_INFO = NO;
				SDKROOT = iphoneos;
				TARGETED_DEVICE_FAMILY = "1,2";
				VALIDATE_PRODUCT = YES;
			};
			name = Release;
		};
		C4796C1D1CA16A9C0024AD8B /* Debug */ = {
			isa = XCBuildConfiguration;
			buildSettings = {
				ASSETCATALOG_COMPILER_APPICON_NAME = AppIcon;
				INFOPLIST_FILE = QuickHospital/Info.plist;
				LD_RUNPATH_SEARCH_PATHS = "$(inherited) @executable_path/Frameworks";
				PRODUCT_BUNDLE_IDENTIFIER = zmx.QuickHospital;
				PRODUCT_NAME = "$(TARGET_NAME)";
			};
			name = Debug;
		};
		C4796C1E1CA16A9C0024AD8B /* Release */ = {
			isa = XCBuildConfiguration;
			buildSettings = {
				ASSETCATALOG_COMPILER_APPICON_NAME = AppIcon;
				INFOPLIST_FILE = QuickHospital/Info.plist;
				LD_RUNPATH_SEARCH_PATHS = "$(inherited) @executable_path/Frameworks";
				PRODUCT_BUNDLE_IDENTIFIER = zmx.QuickHospital;
				PRODUCT_NAME = "$(TARGET_NAME)";
			};
			name = Release;
		};
		C4796C201CA16A9C0024AD8B /* Debug */ = {
			isa = XCBuildConfiguration;
			buildSettings = {
				BUNDLE_LOADER = "$(TEST_HOST)";
				INFOPLIST_FILE = QuickHospitalTests/Info.plist;
				LD_RUNPATH_SEARCH_PATHS = "$(inherited) @executable_path/Frameworks @loader_path/Frameworks";
				PRODUCT_BUNDLE_IDENTIFIER = zmx.QuickHospitalTests;
				PRODUCT_NAME = "$(TARGET_NAME)";
				TEST_HOST = "$(BUILT_PRODUCTS_DIR)/QuickHospital.app/QuickHospital";
			};
			name = Debug;
		};
		C4796C211CA16A9C0024AD8B /* Release */ = {
			isa = XCBuildConfiguration;
			buildSettings = {
				BUNDLE_LOADER = "$(TEST_HOST)";
				INFOPLIST_FILE = QuickHospitalTests/Info.plist;
				LD_RUNPATH_SEARCH_PATHS = "$(inherited) @executable_path/Frameworks @loader_path/Frameworks";
				PRODUCT_BUNDLE_IDENTIFIER = zmx.QuickHospitalTests;
				PRODUCT_NAME = "$(TARGET_NAME)";
				TEST_HOST = "$(BUILT_PRODUCTS_DIR)/QuickHospital.app/QuickHospital";
			};
			name = Release;
		};
		C4796C231CA16A9C0024AD8B /* Debug */ = {
			isa = XCBuildConfiguration;
			buildSettings = {
				INFOPLIST_FILE = QuickHospitalUITests/Info.plist;
				LD_RUNPATH_SEARCH_PATHS = "$(inherited) @executable_path/Frameworks @loader_path/Frameworks";
				PRODUCT_BUNDLE_IDENTIFIER = zmx.QuickHospitalUITests;
				PRODUCT_NAME = "$(TARGET_NAME)";
				TEST_TARGET_NAME = QuickHospital;
				USES_XCTRUNNER = YES;
			};
			name = Debug;
		};
		C4796C241CA16A9C0024AD8B /* Release */ = {
			isa = XCBuildConfiguration;
			buildSettings = {
				INFOPLIST_FILE = QuickHospitalUITests/Info.plist;
				LD_RUNPATH_SEARCH_PATHS = "$(inherited) @executable_path/Frameworks @loader_path/Frameworks";
				PRODUCT_BUNDLE_IDENTIFIER = zmx.QuickHospitalUITests;
				PRODUCT_NAME = "$(TARGET_NAME)";
				TEST_TARGET_NAME = QuickHospital;
				USES_XCTRUNNER = YES;
			};
			name = Release;
		};
/* End XCBuildConfiguration section */

/* Begin XCConfigurationList section */
		C4796BEA1CA16A9C0024AD8B /* Build configuration list for PBXProject "QuickHospital" */ = {
			isa = XCConfigurationList;
			buildConfigurations = (
				C4796C1A1CA16A9C0024AD8B /* Debug */,
				C4796C1B1CA16A9C0024AD8B /* Release */,
			);
			defaultConfigurationIsVisible = 0;
			defaultConfigurationName = Release;
		};
		C4796C1C1CA16A9C0024AD8B /* Build configuration list for PBXNativeTarget "QuickHospital" */ = {
			isa = XCConfigurationList;
			buildConfigurations = (
				C4796C1D1CA16A9C0024AD8B /* Debug */,
				C4796C1E1CA16A9C0024AD8B /* Release */,
			);
			defaultConfigurationIsVisible = 0;
		};
		C4796C1F1CA16A9C0024AD8B /* Build configuration list for PBXNativeTarget "QuickHospitalTests" */ = {
			isa = XCConfigurationList;
			buildConfigurations = (
				C4796C201CA16A9C0024AD8B /* Debug */,
				C4796C211CA16A9C0024AD8B /* Release */,
			);
			defaultConfigurationIsVisible = 0;
		};
		C4796C221CA16A9C0024AD8B /* Build configuration list for PBXNativeTarget "QuickHospitalUITests" */ = {
			isa = XCConfigurationList;
			buildConfigurations = (
				C4796C231CA16A9C0024AD8B /* Debug */,
				C4796C241CA16A9C0024AD8B /* Release */,
			);
			defaultConfigurationIsVisible = 0;
		};
/* End XCConfigurationList section */
	};
	rootObject = C4796BE71CA16A9C0024AD8B /* Project object */;
}
